PODS:
  - PayBoxSdk (1.1.2)

DEPENDENCIES:
  - PayBoxSdk (from `https://github.com/PayBox/SDK_iOS-input-.git`)

EXTERNAL SOURCES:
  PayBoxSdk:
    :git: https://github.com/PayBox/SDK_iOS-input-.git
    :submodules: true

CHECKOUT OPTIONS:
  PayBoxSdk:
    :commit: ef8ecac27379969932f5e9c1966aa8d73002a011
    :git: https://github.com/PayBox/SDK_iOS-input-.git
    :submodules: true

SPEC CHECKSUMS:
  PayBoxSdk: d38cb827a5a170422782dc97c502a1e79f2e1cdb

PODFILE CHECKSUM: 02567fb72a2e1706584fd35caa0867668a3d90db

COCOAPODS: 1.11.3
