PODS:
  - PayBoxSdk (1.2.0)

DEPENDENCIES:
  - PayBoxSdk (from `https://github.com/PayBox/SDK_iOS-input-.git`)

EXTERNAL SOURCES:
  PayBoxSdk:
    :git: https://github.com/PayBox/SDK_iOS-input-.git
    :submodules: true

CHECKOUT OPTIONS:
  PayBoxSdk:
    :commit: d8923329f914e73a5a42f1f359385e7838761044
    :git: https://github.com/PayBox/SDK_iOS-input-.git
    :submodules: true

SPEC CHECKSUMS:
  PayBoxSdk: 6a9512cd5c09efdfe674ecb83afc704cc5b50495

PODFILE CHECKSUM: 02567fb72a2e1706584fd35caa0867668a3d90db

COCOAPODS: 1.11.3
