PODS:
  - PayBoxSdk (1.3.0)

DEPENDENCIES:
  - PayBoxSdk (from `https://github.com/PayBox/SDK_iOS-input-.git`)

EXTERNAL SOURCES:
  PayBoxSdk:
    :git: https://github.com/PayBox/SDK_iOS-input-.git
    :submodules: true

CHECKOUT OPTIONS:
  PayBoxSdk:
    :commit: af37f4a66c74e6d2a6c2a0aa614c6eb74345164c
    :git: https://github.com/PayBox/SDK_iOS-input-.git
    :submodules: true

SPEC CHECKSUMS:
  PayBoxSdk: 5cb48ca227d5065dd64f78b953acc3b8c2afaa0a

PODFILE CHECKSUM: 02567fb72a2e1706584fd35caa0867668a3d90db

COCOAPODS: 1.11.3
